
Microsoft Visual Studio Solution File, Format Version 12.00
# Visual Studio Version 17
VisualStudioVersion = 17.14.36203.30
MinimumVisualStudioVersion = 10.0.40219.1
Project("{FAE04EC0-301F-11D3-BF4B-00C04F79EFBC}") = "MarriageHallManagement", "MarriageHallManagement\MarriageHallManagement.csproj", "{A99B3118-0749-4587-9E1E-DD03ADA8DFFF}"
EndProject
Global
	GlobalSection(SolutionConfigurationPlatforms) = preSolution
		Debug|Any CPU = Debug|Any CPU
		Release|Any CPU = Release|Any CPU
	EndGlobalSection
	GlobalSection(ProjectConfigurationPlatforms) = postSolution
		{A99B3118-0749-4587-9E1E-DD03ADA8DFFF}.Debug|Any CPU.ActiveCfg = Debug|Any CPU
		{A99B3118-0749-4587-9E1E-DD03ADA8DFFF}.Debug|Any CPU.Build.0 = Debug|Any CPU
		{A99B3118-0749-4587-9E1E-DD03ADA8DFFF}.Release|Any CPU.ActiveCfg = Release|Any CPU
		{A99B3118-0749-4587-9E1E-DD03ADA8DFFF}.Release|Any CPU.Build.0 = Release|Any CPU
	EndGlobalSection
	GlobalSection(SolutionProperties) = preSolution
		HideSolutionNode = FALSE
	EndGlobalSection
	GlobalSection(ExtensibilityGlobals) = postSolution
		SolutionGuid = {89CA066B-3241-451B-AFA2-93CEB3F00239}
	EndGlobalSection
EndGlobal
